
Microsoft Visual Studio Solution File, Format Version 12.00
# Visual Studio 15
Project("{FAE04EC0-301F-11D3-BF4B-00C04F79EFBC}") = "Assembly-CSharp", "Assembly-CSharp.csproj", "{0596F806-A417-AD73-347B-F3A9851344BD}"
EndProject
Global
	GlobalSection(SolutionConfigurationPlatforms) = preSolution
		Debug|Any CPU = Debug|Any CPU
		Release|Any CPU = Release|Any CPU
	EndGlobalSection
	GlobalSection(ProjectConfigurationPlatforms) = postSolution
		{0596F806-A417-AD73-347B-F3A9851344BD}.Debug|Any CPU.ActiveCfg = Debug|Any CPU
		{0596F806-A417-AD73-347B-F3A9851344BD}.Debug|Any CPU.Build.0 = Debug|Any CPU
		{0596F806-A417-AD73-347B-F3A9851344BD}.Release|Any CPU.ActiveCfg = Release|Any CPU
		{0596F806-A417-AD73-347B-F3A9851344BD}.Release|Any CPU.Build.0 = Release|Any CPU
	EndGlobalSection
	GlobalSection(SolutionProperties) = preSolution
		HideSolutionNode = FALSE
	EndGlobalSection
EndGlobal
